<?xml version="1.0" encoding="utf-8"?>
<Project ToolsVersion="4.0" xmlns="http://schemas.microsoft.com/developer/msbuild/2003">
  <ItemGroup>
    <Filter Include="Arquivos de Origem">
      <UniqueIdentifier>{4FC737F1-C7A5-4376-A066-2A32D752A2FF}</UniqueIdentifier>
      <Extensions>cpp;c;cc;cxx;c++;cppm;ixx;def;odl;idl;hpj;bat;asm;asmx</Extensions>
    </Filter>
    <Filter Include="Arquivos de Cabeçalho">
      <UniqueIdentifier>{93995380-89BD-4b04-88EB-625FBE52EBFB}</UniqueIdentifier>
      <Extensions>h;hh;hpp;hxx;h++;hm;inl;inc;ipp;xsd</Extensions>
    </Filter>
    <Filter Include="Arquivos de Recurso">
      <UniqueIdentifier>{67DA6AB6-F800-4c08-8B7A-83BB121AAD01}</UniqueIdentifier>
      <Extensions>rc;ico;cur;bmp;dlg;rc2;rct;bin;rgs;gif;jpg;jpeg;jpe;resx;tiff;tif;png;wav;mfcribbon-ms</Extensions>
    </Filter>
    <Filter Include="menu">
      <UniqueIdentifier>{d7a04caa-7a71-43a7-a8bf-22b0f7d8b6c8}</UniqueIdentifier>
    </Filter>
    <Filter Include="fases">
      <UniqueIdentifier>{37a6f8ca-40ff-42df-b4fa-d55ff299041d}</UniqueIdentifier>
    </Filter>
    <Filter Include="fases\Polifemus">
      <UniqueIdentifier>{d88c4c75-52b1-49f3-b487-6cddecb9602b}</UniqueIdentifier>
    </Filter>
  </ItemGroup>
  <ItemGroup>
    <None Include="packages.config" />
  </ItemGroup>
  <ItemGroup>
    <ClCompile Include="main.c">
      <Filter>Arquivos de Origem</Filter>
    </ClCompile>
    <ClCompile Include="menu\menu_inicial.c">
      <Filter>menu</Filter>
    </ClCompile>
    <ClCompile Include="fases\Polifemus\fase_Polifemo.c">
      <Filter>fases\Polifemus</Filter>
    </ClCompile>
    <ClCompile Include="fases\Circe\circe.c">
      <Filter>Arquivos de Origem</Filter>
    </ClCompile>
    <ClCompile Include="mapa\mapa.c">
      <Filter>Arquivos de Origem</Filter>
    </ClCompile>
  </ItemGroup>
  <ItemGroup>
    <ClInclude Include="menu\menu_inicial.h">
      <Filter>menu</Filter>
    </ClInclude>
    <ClInclude Include="fases/Polifemus/fase_Polifemo.h">
      <Filter>fases\Polifemus</Filter>
    </ClInclude>
    <ClInclude Include="fases\Circe\circe.h">
      <Filter>Arquivos de Cabeçalho</Filter>
    </ClInclude>
    <ClInclude Include="mapa\mapa.h">
      <Filter>Arquivos de Cabeçalho</Filter>
    </ClInclude>
  </ItemGroup>
</Project>