<?xml version="1.0" encoding="utf-8"?>
<Project ToolsVersion="4.0" xmlns="http://schemas.microsoft.com/developer/msbuild/2003">
  <ItemGroup>
    <Filter Include="Arquivos de Origem">
      <UniqueIdentifier>{4FC737F1-C7A5-4376-A066-2A32D752A2FF}</UniqueIdentifier>
      <Extensions>cpp;c;cc;cxx;c++;cppm;ixx;def;odl;idl;hpj;bat;asm;asmx</Extensions>
    </Filter>
    <Filter Include="Arquivos de Cabeçalho">
      <UniqueIdentifier>{93995380-89BD-4b04-88EB-625FBE52EBFB}</UniqueIdentifier>
      <Extensions>h;hh;hpp;hxx;h++;hm;inl;inc;ipp;xsd</Extensions>
    </Filter>
    <Filter Include="Arquivos de Recurso">
      <UniqueIdentifier>{67DA6AB6-F800-4c08-8B7A-83BB121AAD01}</UniqueIdentifier>
      <Extensions>rc;ico;cur;bmp;dlg;rc2;rct;bin;rgs;gif;jpg;jpeg;jpe;resx;tiff;tif;png;wav;mfcribbon-ms</Extensions>
    </Filter>
    <Filter Include="menu">
      <UniqueIdentifier>{d7a04caa-7a71-43a7-a8bf-22b0f7d8b6c8}</UniqueIdentifier>
    </Filter>
    <Filter Include="fases">
      <UniqueIdentifier>{37a6f8ca-40ff-42df-b4fa-d55ff299041d}</UniqueIdentifier>
    </Filter>
    <Filter Include="fases\Polifemus">
      <UniqueIdentifier>{d88c4c75-52b1-49f3-b487-6cddecb9602b}</UniqueIdentifier>
    </Filter>
    <Filter Include="fases\Circe">
      <UniqueIdentifier>{8488791d-d4eb-42fd-9516-22fd14463a64}</UniqueIdentifier>
    </Filter>
    <Filter Include="fases\Itaca">
      <UniqueIdentifier>{4ac152e7-d111-4490-a3e8-8422872cf4e4}</UniqueIdentifier>
    </Filter>
    <Filter Include="fases\Poseidon">
      <UniqueIdentifier>{ad104ec3-8f9a-4b0c-b064-e8a8586f117d}</UniqueIdentifier>
    </Filter>
    <Filter Include="fases\Submundo">
      <UniqueIdentifier>{85ab01e8-bd46-4c1c-977a-11117a7b8ee8}</UniqueIdentifier>
    </Filter>
    <Filter Include="fases\Olimpo">
      <UniqueIdentifier>{28dc9b18-c076-43f7-8786-6163d2ab8cf6}</UniqueIdentifier>
    </Filter>
  </ItemGroup>
  <ItemGroup>
    <None Include="packages.config" />
    <None Include="fase.h">
      <Filter>fases</Filter>
    </None>
  </ItemGroup>
  <ItemGroup>
    <ClCompile Include="main.c">
      <Filter>Arquivos de Origem</Filter>
    </ClCompile>
    <ClCompile Include="menu\menu_inicial.c">
      <Filter>menu</Filter>
    </ClCompile>
    <ClCompile Include="fases\Polifemus\fase_Polifemo.c">
      <Filter>fases\Polifemus</Filter>
    </ClCompile>
    <ClCompile Include="mapa\mapa.c">
      <Filter>Arquivos de Origem</Filter>
    </ClCompile>
    <ClCompile Include="fase.c">
      <Filter>fases</Filter>
    </ClCompile>
    <ClCompile Include="fases\Circe\circe.c">
      <Filter>fases\Circe</Filter>
    </ClCompile>
    <ClCompile Include="fases\Itaca\Itaca.c">
      <Filter>fases\Itaca</Filter>
    </ClCompile>
    <ClCompile Include="fases\Poseidon\poseidon.c">
      <Filter>fases\Poseidon</Filter>
    </ClCompile>
    <ClCompile Include="fases\Olimpo\olimpo.c">
      <Filter>fases\Olimpo</Filter>
    </ClCompile>
    <ClCompile Include="fases\Submundo\submundo.c">
      <Filter>fases\Submundo</Filter>
    </ClCompile>
  </ItemGroup>
  <ItemGroup>
    <ClInclude Include="menu\menu_inicial.h">
      <Filter>menu</Filter>
    </ClInclude>
    <ClInclude Include="fases/Polifemus/fase_Polifemo.h">
      <Filter>fases\Polifemus</Filter>
    </ClInclude>
    <ClInclude Include="mapa\mapa.h">
      <Filter>Arquivos de Cabeçalho</Filter>
    </ClInclude>
    <ClInclude Include="personagem.h">
      <Filter>Arquivos de Cabeçalho</Filter>
    </ClInclude>
    <ClInclude Include="informacoes_tela.h">
      <Filter>Arquivos de Cabeçalho</Filter>
    </ClInclude>
    <ClInclude Include="flecha.h">
      <Filter>Arquivos de Cabeçalho</Filter>
    </ClInclude>
    <ClInclude Include="fases\Circe\circe.h">
      <Filter>fases\Circe</Filter>
    </ClInclude>
    <ClInclude Include="fases\Itaca\Itaca.h">
      <Filter>fases\Itaca</Filter>
    </ClInclude>
    <ClInclude Include="fases\Poseidon\poseidon.h">
      <Filter>fases\Poseidon</Filter>
    </ClInclude>
    <ClInclude Include="fases\Olimpo\olimpo.h">
      <Filter>fases\Olimpo</Filter>
    </ClInclude>
    <ClInclude Include="fases\Submundo\submundo.h">
      <Filter>fases\Submundo</Filter>
    </ClInclude>
  </ItemGroup>
</Project>